
Microsoft Visual Studio Solution File, Format Version 12.00
# Visual Studio Version 17
VisualStudioVersion = 17.3.32825.248
MinimumVisualStudioVersion = 10.0.40219.1
Project("{FAE04EC0-301F-11D3-BF4B-00C04F79EFBC}") = "P622_I1_Michaux", "P622_I1_Michaux\P622_I1_Michaux.csproj", "{8FD27A92-8C5F-4208-AA02-9570D4CB42AA}"
EndProject
Global
	GlobalSection(SolutionConfigurationPlatforms) = preSolution
		Debug|Any CPU = Debug|Any CPU
		Release|Any CPU = Release|Any CPU
	EndGlobalSection
	GlobalSection(ProjectConfigurationPlatforms) = postSolution
		{8FD27A92-8C5F-4208-AA02-9570D4CB42AA}.Debug|Any CPU.ActiveCfg = Debug|Any CPU
		{8FD27A92-8C5F-4208-AA02-9570D4CB42AA}.Debug|Any CPU.Build.0 = Debug|Any CPU
		{8FD27A92-8C5F-4208-AA02-9570D4CB42AA}.Release|Any CPU.ActiveCfg = Release|Any CPU
		{8FD27A92-8C5F-4208-AA02-9570D4CB42AA}.Release|Any CPU.Build.0 = Release|Any CPU
	EndGlobalSection
	GlobalSection(SolutionProperties) = preSolution
		HideSolutionNode = FALSE
	EndGlobalSection
	GlobalSection(ExtensibilityGlobals) = postSolution
		SolutionGuid = {9C900DA6-4F13-4981-833D-DB412DD1B03D}
	EndGlobalSection
EndGlobal
